
Microsoft Visual Studio Solution File, Format Version 12.00
# Visual Studio Version 16
VisualStudioVersion = 16.0.30413.136
MinimumVisualStudioVersion = 10.0.40219.1
Project("{9A19103F-16F7-4668-BE54-9A1E7A4F7556}") = "Model", "Model\Model.csproj", "{4A3E5E96-ED56-49F3-8E3B-E31A3060C8DC}"
EndProject
Project("{9A19103F-16F7-4668-BE54-9A1E7A4F7556}") = "Caspian.Common", "Common\Caspian.Common.csproj", "{9366E4D0-BC25-4D40-804C-AF90AD924FA9}"
EndProject
Project("{9A19103F-16F7-4668-BE54-9A1E7A4F7556}") = "Service", "Service\Service.csproj", "{AB1F3787-36C3-42D4-A1A8-C4D4FB296A0F}"
EndProject
Project("{9A19103F-16F7-4668-BE54-9A1E7A4F7556}") = "Capian.Ui", "Capian.Ui\Capian.Ui.csproj", "{2916720C-B56A-49F0-AA5E-B233086D2959}"
EndProject
Project("{9A19103F-16F7-4668-BE54-9A1E7A4F7556}") = "Learning", "Learning\Learning.csproj", "{B96A4CE7-7F11-4416-B961-7C6163C364B4}"
EndProject
Global
	GlobalSection(SolutionConfigurationPlatforms) = preSolution
		Debug|Any CPU = Debug|Any CPU
		Release|Any CPU = Release|Any CPU
	EndGlobalSection
	GlobalSection(ProjectConfigurationPlatforms) = postSolution
		{4A3E5E96-ED56-49F3-8E3B-E31A3060C8DC}.Debug|Any CPU.ActiveCfg = Debug|Any CPU
		{4A3E5E96-ED56-49F3-8E3B-E31A3060C8DC}.Debug|Any CPU.Build.0 = Debug|Any CPU
		{4A3E5E96-ED56-49F3-8E3B-E31A3060C8DC}.Release|Any CPU.ActiveCfg = Release|Any CPU
		{4A3E5E96-ED56-49F3-8E3B-E31A3060C8DC}.Release|Any CPU.Build.0 = Release|Any CPU
		{9366E4D0-BC25-4D40-804C-AF90AD924FA9}.Debug|Any CPU.ActiveCfg = Debug|Any CPU
		{9366E4D0-BC25-4D40-804C-AF90AD924FA9}.Debug|Any CPU.Build.0 = Debug|Any CPU
		{9366E4D0-BC25-4D40-804C-AF90AD924FA9}.Release|Any CPU.ActiveCfg = Release|Any CPU
		{9366E4D0-BC25-4D40-804C-AF90AD924FA9}.Release|Any CPU.Build.0 = Release|Any CPU
		{AB1F3787-36C3-42D4-A1A8-C4D4FB296A0F}.Debug|Any CPU.ActiveCfg = Debug|Any CPU
		{AB1F3787-36C3-42D4-A1A8-C4D4FB296A0F}.Debug|Any CPU.Build.0 = Debug|Any CPU
		{AB1F3787-36C3-42D4-A1A8-C4D4FB296A0F}.Release|Any CPU.ActiveCfg = Release|Any CPU
		{AB1F3787-36C3-42D4-A1A8-C4D4FB296A0F}.Release|Any CPU.Build.0 = Release|Any CPU
		{2916720C-B56A-49F0-AA5E-B233086D2959}.Debug|Any CPU.ActiveCfg = Debug|Any CPU
		{2916720C-B56A-49F0-AA5E-B233086D2959}.Debug|Any CPU.Build.0 = Debug|Any CPU
		{2916720C-B56A-49F0-AA5E-B233086D2959}.Release|Any CPU.ActiveCfg = Release|Any CPU
		{2916720C-B56A-49F0-AA5E-B233086D2959}.Release|Any CPU.Build.0 = Release|Any CPU
		{B96A4CE7-7F11-4416-B961-7C6163C364B4}.Debug|Any CPU.ActiveCfg = Debug|Any CPU
		{B96A4CE7-7F11-4416-B961-7C6163C364B4}.Debug|Any CPU.Build.0 = Debug|Any CPU
		{B96A4CE7-7F11-4416-B961-7C6163C364B4}.Release|Any CPU.ActiveCfg = Release|Any CPU
		{B96A4CE7-7F11-4416-B961-7C6163C364B4}.Release|Any CPU.Build.0 = Release|Any CPU
	EndGlobalSection
	GlobalSection(SolutionProperties) = preSolution
		HideSolutionNode = FALSE
	EndGlobalSection
	GlobalSection(ExtensibilityGlobals) = postSolution
		SolutionGuid = {9BB61B01-15C2-491B-BE77-9F677E5FD12E}
	EndGlobalSection
EndGlobal
